// !$*UTF8*$!
{
	archiveVersion = 1;
	classes = {
	};
	objectVersion = 77;
	objects = {

/* Begin PBXBuildFile section */
		BA36C0432D03143900CFA1FA /* SnapKit in Frameworks */ = {isa = PBXBuildFile; productRef = BA36C0422D03143900CFA1FA /* SnapKit */; };
/* End PBXBuildFile section */

/* Begin PBXContainerItemProxy section */
		BAFDCBA12D02EDCE00B98F30 /* PBXContainerItemProxy */ = {
			isa = PBXContainerItemProxy;
			containerPortal = BAFDCB822D02EDCD00B98F30 /* Project object */;
			proxyType = 1;
			remoteGlobalIDString = BAFDCB892D02EDCD00B98F30;
			remoteInfo = "sparta-ios-project-phonebook";
		};
		BAFDCBAB2D02EDCE00B98F30 /* PBXContainerItemProxy */ = {
			isa = PBXContainerItemProxy;
			containerPortal = BAFDCB822D02EDCD00B98F30 /* Project object */;
			proxyType = 1;
			remoteGlobalIDString = BAFDCB892D02EDCD00B98F30;
			remoteInfo = "sparta-ios-project-phonebook";
		};
/* End PBXContainerItemProxy section */

/* Begin PBXFileReference section */
		BAFDCB8A2D02EDCD00B98F30 /* sparta-ios-project-phonebook.app */ = {isa = PBXFileReference; explicitFileType = wrapper.application; includeInIndex = 0; path = "sparta-ios-project-phonebook.app"; sourceTree = BUILT_PRODUCTS_DIR; };
		BAFDCBA02D02EDCE00B98F30 /* sparta-ios-project-phonebookTests.xctest */ = {isa = PBXFileReference; explicitFileType = wrapper.cfbundle; includeInIndex = 0; path = "sparta-ios-project-phonebookTests.xctest"; sourceTree = BUILT_PRODUCTS_DIR; };
		BAFDCBAA2D02EDCE00B98F30 /* sparta-ios-project-phonebookUITests.xctest */ = {isa = PBXFileReference; explicitFileType = wrapper.cfbundle; includeInIndex = 0; path = "sparta-ios-project-phonebookUITests.xctest"; sourceTree = BUILT_PRODUCTS_DIR; };
/* End PBXFileReference section */

/* Begin PBXFileSystemSynchronizedBuildFileExceptionSet section */
		BAFDCBB22D02EDCE00B98F30 /* Exceptions for "sparta-ios-project-phonebook" folder in "sparta-ios-project-phonebook" target */ = {
			isa = PBXFileSystemSynchronizedBuildFileExceptionSet;
			membershipExceptions = (
				Info.plist,
			);
			target = BAFDCB892D02EDCD00B98F30 /* sparta-ios-project-phonebook */;
		};
/* End PBXFileSystemSynchronizedBuildFileExceptionSet section */

/* Begin PBXFileSystemSynchronizedRootGroup section */
		BAFDCB8C2D02EDCD00B98F30 /* sparta-ios-project-phonebook */ = {
			isa = PBXFileSystemSynchronizedRootGroup;
			exceptions = (
				BAFDCBB22D02EDCE00B98F30 /* Exceptions for "sparta-ios-project-phonebook" folder in "sparta-ios-project-phonebook" target */,
			);
			path = "sparta-ios-project-phonebook";
			sourceTree = "<group>";
		};
		BAFDCBA32D02EDCE00B98F30 /* sparta-ios-project-phonebookTests */ = {
			isa = PBXFileSystemSynchronizedRootGroup;
			path = "sparta-ios-project-phonebookTests";
			sourceTree = "<group>";
		};
		BAFDCBAD2D02EDCE00B98F30 /* sparta-ios-project-phonebookUITests */ = {
			isa = PBXFileSystemSynchronizedRootGroup;
			path = "sparta-ios-project-phonebookUITests";
			sourceTree = "<group>";
		};
/* End PBXFileSystemSynchronizedRootGroup section */

/* Begin PBXFrameworksBuildPhase section */
		BAFDCB872D02EDCD00B98F30 /* Frameworks */ = {
			isa = PBXFrameworksBuildPhase;
			buildActionMask = 2147483647;
			files = (
				BA36C0432D03143900CFA1FA /* SnapKit in Frameworks */,
			);
			runOnlyForDeploymentPostprocessing = 0;
		};
		BAFDCB9D2D02EDCE00B98F30 /* Frameworks */ = {
			isa = PBXFrameworksBuildPhase;
			buildActionMask = 2147483647;
			files = (
			);
			runOnlyForDeploymentPostprocessing = 0;
		};
		BAFDCBA72D02EDCE00B98F30 /* Frameworks */ = {
			isa = PBXFrameworksBuildPhase;
			buildActionMask = 2147483647;
			files = (
			);
			runOnlyForDeploymentPostprocessing = 0;
		};
/* End PBXFrameworksBuildPhase section */

/* Begin PBXGroup section */
		BAFDCB812D02EDCD00B98F30 = {
			isa = PBXGroup;
			children = (
				BAFDCB8C2D02EDCD00B98F30 /* sparta-ios-project-phonebook */,
				BAFDCBA32D02EDCE00B98F30 /* sparta-ios-project-phonebookTests */,
				BAFDCBAD2D02EDCE00B98F30 /* sparta-ios-project-phonebookUITests */,
				BAFDCB8B2D02EDCD00B98F30 /* Products */,
			);
			sourceTree = "<group>";
		};
		BAFDCB8B2D02EDCD00B98F30 /* Products */ = {
			isa = PBXGroup;
			children = (
				BAFDCB8A2D02EDCD00B98F30 /* sparta-ios-project-phonebook.app */,
				BAFDCBA02D02EDCE00B98F30 /* sparta-ios-project-phonebookTests.xctest */,
				BAFDCBAA2D02EDCE00B98F30 /* sparta-ios-project-phonebookUITests.xctest */,
			);
			name = Products;
			sourceTree = "<group>";
		};
/* End PBXGroup section */

/* Begin PBXNativeTarget section */
		BAFDCB892D02EDCD00B98F30 /* sparta-ios-project-phonebook */ = {
			isa = PBXNativeTarget;
			buildConfigurationList = BAFDCBB32D02EDCE00B98F30 /* Build configuration list for PBXNativeTarget "sparta-ios-project-phonebook" */;
			buildPhases = (
				BAFDCB862D02EDCD00B98F30 /* Sources */,
				BAFDCB872D02EDCD00B98F30 /* Frameworks */,
				BAFDCB882D02EDCD00B98F30 /* Resources */,
			);
			buildRules = (
			);
			dependencies = (
			);
			fileSystemSynchronizedGroups = (
				BAFDCB8C2D02EDCD00B98F30 /* sparta-ios-project-phonebook */,
			);
			name = "sparta-ios-project-phonebook";
			packageProductDependencies = (
				BA36C0422D03143900CFA1FA /* SnapKit */,
			);
			productName = "sparta-ios-project-phonebook";
			productReference = BAFDCB8A2D02EDCD00B98F30 /* sparta-ios-project-phonebook.app */;
			productType = "com.apple.product-type.application";
		};
		BAFDCB9F2D02EDCE00B98F30 /* sparta-ios-project-phonebookTests */ = {
			isa = PBXNativeTarget;
			buildConfigurationList = BAFDCBB82D02EDCE00B98F30 /* Build configuration list for PBXNativeTarget "sparta-ios-project-phonebookTests" */;
			buildPhases = (
				BAFDCB9C2D02EDCE00B98F30 /* Sources */,
				BAFDCB9D2D02EDCE00B98F30 /* Frameworks */,
				BAFDCB9E2D02EDCE00B98F30 /* Resources */,
			);
			buildRules = (
			);
			dependencies = (
				BAFDCBA22D02EDCE00B98F30 /* PBXTargetDependency */,
			);
			fileSystemSynchronizedGroups = (
				BAFDCBA32D02EDCE00B98F30 /* sparta-ios-project-phonebookTests */,
			);
			name = "sparta-ios-project-phonebookTests";
			packageProductDependencies = (
			);
			productName = "sparta-ios-project-phonebookTests";
			productReference = BAFDCBA02D02EDCE00B98F30 /* sparta-ios-project-phonebookTests.xctest */;
			productType = "com.apple.product-type.bundle.unit-test";
		};
		BAFDCBA92D02EDCE00B98F30 /* sparta-ios-project-phonebookUITests */ = {
			isa = PBXNativeTarget;
			buildConfigurationList = BAFDCBBB2D02EDCE00B98F30 /* Build configuration list for PBXNativeTarget "sparta-ios-project-phonebookUITests" */;
			buildPhases = (
				BAFDCBA62D02EDCE00B98F30 /* Sources */,
				BAFDCBA72D02EDCE00B98F30 /* Frameworks */,
				BAFDCBA82D02EDCE00B98F30 /* Resources */,
			);
			buildRules = (
			);
			dependencies = (
				BAFDCBAC2D02EDCE00B98F30 /* PBXTargetDependency */,
			);
			fileSystemSynchronizedGroups = (
				BAFDCBAD2D02EDCE00B98F30 /* sparta-ios-project-phonebookUITests */,
			);
			name = "sparta-ios-project-phonebookUITests";
			packageProductDependencies = (
			);
			productName = "sparta-ios-project-phonebookUITests";
			productReference = BAFDCBAA2D02EDCE00B98F30 /* sparta-ios-project-phonebookUITests.xctest */;
			productType = "com.apple.product-type.bundle.ui-testing";
		};
/* End PBXNativeTarget section */

/* Begin PBXProject section */
		BAFDCB822D02EDCD00B98F30 /* Project object */ = {
			isa = PBXProject;
			attributes = {
				BuildIndependentTargetsInParallel = 1;
				LastSwiftUpdateCheck = 1610;
				LastUpgradeCheck = 1610;
				TargetAttributes = {
					BAFDCB892D02EDCD00B98F30 = {
						CreatedOnToolsVersion = 16.1;
					};
					BAFDCB9F2D02EDCE00B98F30 = {
						CreatedOnToolsVersion = 16.1;
						TestTargetID = BAFDCB892D02EDCD00B98F30;
					};
					BAFDCBA92D02EDCE00B98F30 = {
						CreatedOnToolsVersion = 16.1;
						TestTargetID = BAFDCB892D02EDCD00B98F30;
					};
				};
			};
			buildConfigurationList = BAFDCB852D02EDCD00B98F30 /* Build configuration list for PBXProject "sparta-ios-project-phonebook" */;
			developmentRegion = en;
			hasScannedForEncodings = 0;
			knownRegions = (
				en,
				Base,
			);
			mainGroup = BAFDCB812D02EDCD00B98F30;
			minimizedProjectReferenceProxies = 1;
			packageReferences = (
				BA36C0412D03143900CFA1FA /* XCRemoteSwiftPackageReference "SnapKit" */,
			);
			preferredProjectObjectVersion = 77;
			productRefGroup = BAFDCB8B2D02EDCD00B98F30 /* Products */;
			projectDirPath = "";
			projectRoot = "";
			targets = (
				BAFDCB892D02EDCD00B98F30 /* sparta-ios-project-phonebook */,
				BAFDCB9F2D02EDCE00B98F30 /* sparta-ios-project-phonebookTests */,
				BAFDCBA92D02EDCE00B98F30 /* sparta-ios-project-phonebookUITests */,
			);
		};
/* End PBXProject section */

/* Begin PBXResourcesBuildPhase section */
		BAFDCB882D02EDCD00B98F30 /* Resources */ = {
			isa = PBXResourcesBuildPhase;
			buildActionMask = 2147483647;
			files = (
			);
			runOnlyForDeploymentPostprocessing = 0;
		};
		BAFDCB9E2D02EDCE00B98F30 /* Resources */ = {
			isa = PBXResourcesBuildPhase;
			buildActionMask = 2147483647;
			files = (
			);
			runOnlyForDeploymentPostprocessing = 0;
		};
		BAFDCBA82D02EDCE00B98F30 /* Resources */ = {
			isa = PBXResourcesBuildPhase;
			buildActionMask = 2147483647;
			files = (
			);
			runOnlyForDeploymentPostprocessing = 0;
		};
/* End PBXResourcesBuildPhase section */

/* Begin PBXSourcesBuildPhase section */
		BAFDCB862D02EDCD00B98F30 /* Sources */ = {
			isa = PBXSourcesBuildPhase;
			buildActionMask = 2147483647;
			files = (
			);
			runOnlyForDeploymentPostprocessing = 0;
		};
		BAFDCB9C2D02EDCE00B98F30 /* Sources */ = {
			isa = PBXSourcesBuildPhase;
			buildActionMask = 2147483647;
			files = (
			);
			runOnlyForDeploymentPostprocessing = 0;
		};
		BAFDCBA62D02EDCE00B98F30 /* Sources */ = {
			isa = PBXSourcesBuildPhase;
			buildActionMask = 2147483647;
			files = (
			);
			runOnlyForDeploymentPostprocessing = 0;
		};
/* End PBXSourcesBuildPhase section */

/* Begin PBXTargetDependency section */
		BAFDCBA22D02EDCE00B98F30 /* PBXTargetDependency */ = {
			isa = PBXTargetDependency;
			target = BAFDCB892D02EDCD00B98F30 /* sparta-ios-project-phonebook */;
			targetProxy = BAFDCBA12D02EDCE00B98F30 /* PBXContainerItemProxy */;
		};
		BAFDCBAC2D02EDCE00B98F30 /* PBXTargetDependency */ = {
			isa = PBXTargetDependency;
			target = BAFDCB892D02EDCD00B98F30 /* sparta-ios-project-phonebook */;
			targetProxy = BAFDCBAB2D02EDCE00B98F30 /* PBXContainerItemProxy */;
		};
/* End PBXTargetDependency section */

/* Begin XCBuildConfiguration section */
		BAFDCBB42D02EDCE00B98F30 /* Debug */ = {
			isa = XCBuildConfiguration;
			buildSettings = {
				ASSETCATALOG_COMPILER_APPICON_NAME = AppIcon;
				ASSETCATALOG_COMPILER_GLOBAL_ACCENT_COLOR_NAME = AccentColor;
				CODE_SIGN_STYLE = Automatic;
				CURRENT_PROJECT_VERSION = 1;
				GENERATE_INFOPLIST_FILE = YES;
				INFOPLIST_FILE = "sparta-ios-project-phonebook/Info.plist";
				INFOPLIST_KEY_UIApplicationSupportsIndirectInputEvents = YES;
				INFOPLIST_KEY_UILaunchStoryboardName = LaunchScreen;
				INFOPLIST_KEY_UISupportedInterfaceOrientations_iPad = "UIInterfaceOrientationPortrait UIInterfaceOrientationPortraitUpsideDown UIInterfaceOrientationLandscapeLeft UIInterfaceOrientationLandscapeRight";
				INFOPLIST_KEY_UISupportedInterfaceOrientations_iPhone = "UIInterfaceOrientationPortrait UIInterfaceOrientationLandscapeLeft UIInterfaceOrientationLandscapeRight";
				LD_RUNPATH_SEARCH_PATHS = (
					"$(inherited)",
					"@executable_path/Frameworks",
				);
				MARKETING_VERSION = 1.0;
				PRODUCT_BUNDLE_IDENTIFIER = "com.mun.sparta-ios-project-phonebook";
				PRODUCT_NAME = "$(TARGET_NAME)";
				SWIFT_EMIT_LOC_STRINGS = YES;
				SWIFT_VERSION = 5.0;
				TARGETED_DEVICE_FAMILY = "1,2";
			};
			name = Debug;
		};
		BAFDCBB52D02EDCE00B98F30 /* Release */ = {
			isa = XCBuildConfiguration;
			buildSettings = {
				ASSETCATALOG_COMPILER_APPICON_NAME = AppIcon;
				ASSETCATALOG_COMPILER_GLOBAL_ACCENT_COLOR_NAME = AccentColor;
				CODE_SIGN_STYLE = Automatic;
				CURRENT_PROJECT_VERSION = 1;
				GENERATE_INFOPLIST_FILE = YES;
				INFOPLIST_FILE = "sparta-ios-project-phonebook/Info.plist";
				INFOPLIST_KEY_UIApplicationSupportsIndirectInputEvents = YES;
				INFOPLIST_KEY_UILaunchStoryboardName = LaunchScreen;
				INFOPLIST_KEY_UISupportedInterfaceOrientations_iPad = "UIInterfaceOrientationPortrait UIInterfaceOrientationPortraitUpsideDown UIInterfaceOrientationLandscapeLeft UIInterfaceOrientationLandscapeRight";
				INFOPLIST_KEY_UISupportedInterfaceOrientations_iPhone = "UIInterfaceOrientationPortrait UIInterfaceOrientationLandscapeLeft UIInterfaceOrientationLandscapeRight";
				LD_RUNPATH_SEARCH_PATHS = (
					"$(inherited)",
					"@executable_path/Frameworks",
				);
				MARKETING_VERSION = 1.0;
				PRODUCT_BUNDLE_IDENTIFIER = "com.mun.sparta-ios-project-phonebook";
				PRODUCT_NAME = "$(TARGET_NAME)";
				SWIFT_EMIT_LOC_STRINGS = YES;
				SWIFT_VERSION = 5.0;
				TARGETED_DEVICE_FAMILY = "1,2";
			};
			name = Release;
		};
		BAFDCBB62D02EDCE00B98F30 /* Debug */ = {
			isa = XCBuildConfiguration;
			buildSettings = {
				ALWAYS_SEARCH_USER_PATHS = NO;
				ASSETCATALOG_COMPILER_GENERATE_SWIFT_ASSET_SYMBOL_EXTENSIONS = YES;
				CLANG_ANALYZER_NONNULL = YES;
				CLANG_ANALYZER_NUMBER_OBJECT_CONVERSION = YES_AGGRESSIVE;
				CLANG_CXX_LANGUAGE_STANDARD = "gnu++20";
				CLANG_ENABLE_MODULES = YES;
				CLANG_ENABLE_OBJC_ARC = YES;
				CLANG_ENABLE_OBJC_WEAK = YES;
				CLANG_WARN_BLOCK_CAPTURE_AUTORELEASING = YES;
				CLANG_WARN_BOOL_CONVERSION = YES;
				CLANG_WARN_COMMA = YES;
				CLANG_WARN_CONSTANT_CONVERSION = YES;
				CLANG_WARN_DEPRECATED_OBJC_IMPLEMENTATIONS = YES;
				CLANG_WARN_DIRECT_OBJC_ISA_USAGE = YES_ERROR;
				CLANG_WARN_DOCUMENTATION_COMMENTS = YES;
				CLANG_WARN_EMPTY_BODY = YES;
				CLANG_WARN_ENUM_CONVERSION = YES;
				CLANG_WARN_INFINITE_RECURSION = YES;
				CLANG_WARN_INT_CONVERSION = YES;
				CLANG_WARN_NON_LITERAL_NULL_CONVERSION = YES;
				CLANG_WARN_OBJC_IMPLICIT_RETAIN_SELF = YES;
				CLANG_WARN_OBJC_LITERAL_CONVERSION = YES;
				CLANG_WARN_OBJC_ROOT_CLASS = YES_ERROR;
				CLANG_WARN_QUOTED_INCLUDE_IN_FRAMEWORK_HEADER = YES;
				CLANG_WARN_RANGE_LOOP_ANALYSIS = YES;
				CLANG_WARN_STRICT_PROTOTYPES = YES;
				CLANG_WARN_SUSPICIOUS_MOVE = YES;
				CLANG_WARN_UNGUARDED_AVAILABILITY = YES_AGGRESSIVE;
				CLANG_WARN_UNREACHABLE_CODE = YES;
				CLANG_WARN__DUPLICATE_METHOD_MATCH = YES;
				COPY_PHASE_STRIP = NO;
				DEBUG_INFORMATION_FORMAT = dwarf;
				ENABLE_STRICT_OBJC_MSGSEND = YES;
				ENABLE_TESTABILITY = YES;
				ENABLE_USER_SCRIPT_SANDBOXING = YES;
				GCC_C_LANGUAGE_STANDARD = gnu17;
				GCC_DYNAMIC_NO_PIC = NO;
				GCC_NO_COMMON_BLOCKS = YES;
				GCC_OPTIMIZATION_LEVEL = 0;
				GCC_PREPROCESSOR_DEFINITIONS = (
					"DEBUG=1",
					"$(inherited)",
				);
				GCC_WARN_64_TO_32_BIT_CONVERSION = YES;
				GCC_WARN_ABOUT_RETURN_TYPE = YES_ERROR;
				GCC_WARN_UNDECLARED_SELECTOR = YES;
				GCC_WARN_UNINITIALIZED_AUTOS = YES_AGGRESSIVE;
				GCC_WARN_UNUSED_FUNCTION = YES;
				GCC_WARN_UNUSED_VARIABLE = YES;
				IPHONEOS_DEPLOYMENT_TARGET = 18.1;
				LOCALIZATION_PREFERS_STRING_CATALOGS = YES;
				MTL_ENABLE_DEBUG_INFO = INCLUDE_SOURCE;
				MTL_FAST_MATH = YES;
				ONLY_ACTIVE_ARCH = YES;
				SDKROOT = iphoneos;
				SWIFT_ACTIVE_COMPILATION_CONDITIONS = "DEBUG $(inherited)";
				SWIFT_OPTIMIZATION_LEVEL = "-Onone";
			};
			name = Debug;
		};
		BAFDCBB72D02EDCE00B98F30 /* Release */ = {
			isa = XCBuildConfiguration;
			buildSettings = {
				ALWAYS_SEARCH_USER_PATHS = NO;
				ASSETCATALOG_COMPILER_GENERATE_SWIFT_ASSET_SYMBOL_EXTENSIONS = YES;
				CLANG_ANALYZER_NONNULL = YES;
				CLANG_ANALYZER_NUMBER_OBJECT_CONVERSION = YES_AGGRESSIVE;
				CLANG_CXX_LANGUAGE_STANDARD = "gnu++20";
				CLANG_ENABLE_MODULES = YES;
				CLANG_ENABLE_OBJC_ARC = YES;
				CLANG_ENABLE_OBJC_WEAK = YES;
				CLANG_WARN_BLOCK_CAPTURE_AUTORELEASING = YES;
				CLANG_WARN_BOOL_CONVERSION = YES;
				CLANG_WARN_COMMA = YES;
				CLANG_WARN_CONSTANT_CONVERSION = YES;
				CLANG_WARN_DEPRECATED_OBJC_IMPLEMENTATIONS = YES;
				CLANG_WARN_DIRECT_OBJC_ISA_USAGE = YES_ERROR;
				CLANG_WARN_DOCUMENTATION_COMMENTS = YES;
				CLANG_WARN_EMPTY_BODY = YES;
				CLANG_WARN_ENUM_CONVERSION = YES;
				CLANG_WARN_INFINITE_RECURSION = YES;
				CLANG_WARN_INT_CONVERSION = YES;
				CLANG_WARN_NON_LITERAL_NULL_CONVERSION = YES;
				CLANG_WARN_OBJC_IMPLICIT_RETAIN_SELF = YES;
				CLANG_WARN_OBJC_LITERAL_CONVERSION = YES;
				CLANG_WARN_OBJC_ROOT_CLASS = YES_ERROR;
				CLANG_WARN_QUOTED_INCLUDE_IN_FRAMEWORK_HEADER = YES;
				CLANG_WARN_RANGE_LOOP_ANALYSIS = YES;
				CLANG_WARN_STRICT_PROTOTYPES = YES;
				CLANG_WARN_SUSPICIOUS_MOVE = YES;
				CLANG_WARN_UNGUARDED_AVAILABILITY = YES_AGGRESSIVE;
				CLANG_WARN_UNREACHABLE_CODE = YES;
				CLANG_WARN__DUPLICATE_METHOD_MATCH = YES;
				COPY_PHASE_STRIP = NO;
				DEBUG_INFORMATION_FORMAT = "dwarf-with-dsym";
				ENABLE_NS_ASSERTIONS = NO;
				ENABLE_STRICT_OBJC_MSGSEND = YES;
				ENABLE_USER_SCRIPT_SANDBOXING = YES;
				GCC_C_LANGUAGE_STANDARD = gnu17;
				GCC_NO_COMMON_BLOCKS = YES;
				GCC_WARN_64_TO_32_BIT_CONVERSION = YES;
				GCC_WARN_ABOUT_RETURN_TYPE = YES_ERROR;
				GCC_WARN_UNDECLARED_SELECTOR = YES;
				GCC_WARN_UNINITIALIZED_AUTOS = YES_AGGRESSIVE;
				GCC_WARN_UNUSED_FUNCTION = YES;
				GCC_WARN_UNUSED_VARIABLE = YES;
				IPHONEOS_DEPLOYMENT_TARGET = 18.1;
				LOCALIZATION_PREFERS_STRING_CATALOGS = YES;
				MTL_ENABLE_DEBUG_INFO = NO;
				MTL_FAST_MATH = YES;
				SDKROOT = iphoneos;
				SWIFT_COMPILATION_MODE = wholemodule;
				VALIDATE_PRODUCT = YES;
			};
			name = Release;
		};
		BAFDCBB92D02EDCE00B98F30 /* Debug */ = {
			isa = XCBuildConfiguration;
			buildSettings = {
				BUNDLE_LOADER = "$(TEST_HOST)";
				CODE_SIGN_STYLE = Automatic;
				CURRENT_PROJECT_VERSION = 1;
				GENERATE_INFOPLIST_FILE = YES;
				IPHONEOS_DEPLOYMENT_TARGET = 18.1;
				MARKETING_VERSION = 1.0;
				PRODUCT_BUNDLE_IDENTIFIER = "com.mun.sparta-ios-project-phonebookTests";
				PRODUCT_NAME = "$(TARGET_NAME)";
				SWIFT_EMIT_LOC_STRINGS = NO;
				SWIFT_VERSION = 5.0;
				TARGETED_DEVICE_FAMILY = "1,2";
				TEST_HOST = "$(BUILT_PRODUCTS_DIR)/sparta-ios-project-phonebook.app/$(BUNDLE_EXECUTABLE_FOLDER_PATH)/sparta-ios-project-phonebook";
			};
			name = Debug;
		};
		BAFDCBBA2D02EDCE00B98F30 /* Release */ = {
			isa = XCBuildConfiguration;
			buildSettings = {
				BUNDLE_LOADER = "$(TEST_HOST)";
				CODE_SIGN_STYLE = Automatic;
				CURRENT_PROJECT_VERSION = 1;
				GENERATE_INFOPLIST_FILE = YES;
				IPHONEOS_DEPLOYMENT_TARGET = 18.1;
				MARKETING_VERSION = 1.0;
				PRODUCT_BUNDLE_IDENTIFIER = "com.mun.sparta-ios-project-phonebookTests";
				PRODUCT_NAME = "$(TARGET_NAME)";
				SWIFT_EMIT_LOC_STRINGS = NO;
				SWIFT_VERSION = 5.0;
				TARGETED_DEVICE_FAMILY = "1,2";
				TEST_HOST = "$(BUILT_PRODUCTS_DIR)/sparta-ios-project-phonebook.app/$(BUNDLE_EXECUTABLE_FOLDER_PATH)/sparta-ios-project-phonebook";
			};
			name = Release;
		};
		BAFDCBBC2D02EDCE00B98F30 /* Debug */ = {
			isa = XCBuildConfiguration;
			buildSettings = {
				CODE_SIGN_STYLE = Automatic;
				CURRENT_PROJECT_VERSION = 1;
				GENERATE_INFOPLIST_FILE = YES;
				MARKETING_VERSION = 1.0;
				PRODUCT_BUNDLE_IDENTIFIER = "com.mun.sparta-ios-project-phonebookUITests";
				PRODUCT_NAME = "$(TARGET_NAME)";
				SWIFT_EMIT_LOC_STRINGS = NO;
				SWIFT_VERSION = 5.0;
				TARGETED_DEVICE_FAMILY = "1,2";
				TEST_TARGET_NAME = "sparta-ios-project-phonebook";
			};
			name = Debug;
		};
		BAFDCBBD2D02EDCE00B98F30 /* Release */ = {
			isa = XCBuildConfiguration;
			buildSettings = {
				CODE_SIGN_STYLE = Automatic;
				CURRENT_PROJECT_VERSION = 1;
				GENERATE_INFOPLIST_FILE = YES;
				MARKETING_VERSION = 1.0;
				PRODUCT_BUNDLE_IDENTIFIER = "com.mun.sparta-ios-project-phonebookUITests";
				PRODUCT_NAME = "$(TARGET_NAME)";
				SWIFT_EMIT_LOC_STRINGS = NO;
				SWIFT_VERSION = 5.0;
				TARGETED_DEVICE_FAMILY = "1,2";
				TEST_TARGET_NAME = "sparta-ios-project-phonebook";
			};
			name = Release;
		};
/* End XCBuildConfiguration section */

/* Begin XCConfigurationList section */
		BAFDCB852D02EDCD00B98F30 /* Build configuration list for PBXProject "sparta-ios-project-phonebook" */ = {
			isa = XCConfigurationList;
			buildConfigurations = (
				BAFDCBB62D02EDCE00B98F30 /* Debug */,
				BAFDCBB72D02EDCE00B98F30 /* Release */,
			);
			defaultConfigurationIsVisible = 0;
			defaultConfigurationName = Release;
		};
		BAFDCBB32D02EDCE00B98F30 /* Build configuration list for PBXNativeTarget "sparta-ios-project-phonebook" */ = {
			isa = XCConfigurationList;
			buildConfigurations = (
				BAFDCBB42D02EDCE00B98F30 /* Debug */,
				BAFDCBB52D02EDCE00B98F30 /* Release */,
			);
			defaultConfigurationIsVisible = 0;
			defaultConfigurationName = Release;
		};
		BAFDCBB82D02EDCE00B98F30 /* Build configuration list for PBXNativeTarget "sparta-ios-project-phonebookTests" */ = {
			isa = XCConfigurationList;
			buildConfigurations = (
				BAFDCBB92D02EDCE00B98F30 /* Debug */,
				BAFDCBBA2D02EDCE00B98F30 /* Release */,
			);
			defaultConfigurationIsVisible = 0;
			defaultConfigurationName = Release;
		};
		BAFDCBBB2D02EDCE00B98F30 /* Build configuration list for PBXNativeTarget "sparta-ios-project-phonebookUITests" */ = {
			isa = XCConfigurationList;
			buildConfigurations = (
				BAFDCBBC2D02EDCE00B98F30 /* Debug */,
				BAFDCBBD2D02EDCE00B98F30 /* Release */,
			);
			defaultConfigurationIsVisible = 0;
			defaultConfigurationName = Release;
		};
/* End XCConfigurationList section */

/* Begin XCRemoteSwiftPackageReference section */
		BA36C0412D03143900CFA1FA /* XCRemoteSwiftPackageReference "SnapKit" */ = {
			isa = XCRemoteSwiftPackageReference;
			repositoryURL = "https://github.com/SnapKit/SnapKit.git";
			requirement = {
				kind = upToNextMajorVersion;
				minimumVersion = 5.7.1;
			};
		};
/* End XCRemoteSwiftPackageReference section */

/* Begin XCSwiftPackageProductDependency section */
		BA36C0422D03143900CFA1FA /* SnapKit */ = {
			isa = XCSwiftPackageProductDependency;
			package = BA36C0412D03143900CFA1FA /* XCRemoteSwiftPackageReference "SnapKit" */;
			productName = SnapKit;
		};
/* End XCSwiftPackageProductDependency section */
	};
	rootObject = BAFDCB822D02EDCD00B98F30 /* Project object */;
}
